// !$*UTF8*$!
{
	archiveVersion = 1;
	classes = {
	};
	objectVersion = 50;
	objects = {

/* Begin PBXBuildFile section */
		27309CBF25E15D3400CD1DEC /* AppDelegate.swift in Sources */ = {isa = PBXBuildFile; fileRef = 27309CBE25E15D3400CD1DEC /* AppDelegate.swift */; };
		27309CC125E15D3400CD1DEC /* SceneDelegate.swift in Sources */ = {isa = PBXBuildFile; fileRef = 27309CC025E15D3400CD1DEC /* SceneDelegate.swift */; };
		27309CC625E15D3400CD1DEC /* Main.storyboard in Resources */ = {isa = PBXBuildFile; fileRef = 27309CC425E15D3400CD1DEC /* Main.storyboard */; };
		27309CC825E15D5100CD1DEC /* Assets.xcassets in Resources */ = {isa = PBXBuildFile; fileRef = 27309CC725E15D5100CD1DEC /* Assets.xcassets */; };
		27309CCB25E15D5100CD1DEC /* LaunchScreen.storyboard in Resources */ = {isa = PBXBuildFile; fileRef = 27309CC925E15D5100CD1DEC /* LaunchScreen.storyboard */; };
		27309CD625E15D5200CD1DEC /* flixsterTests.swift in Sources */ = {isa = PBXBuildFile; fileRef = 27309CD525E15D5200CD1DEC /* flixsterTests.swift */; };
		27309CE125E15D5200CD1DEC /* flixsterUITests.swift in Sources */ = {isa = PBXBuildFile; fileRef = 27309CE025E15D5200CD1DEC /* flixsterUITests.swift */; };
		27309CF525E15EBD00CD1DEC /* MovieViewController.swift in Sources */ = {isa = PBXBuildFile; fileRef = 27309CF425E15EBD00CD1DEC /* MovieViewController.swift */; };
		27CFD5AE25E1A60C006D6CF6 /* MovieCell.swift in Sources */ = {isa = PBXBuildFile; fileRef = 27CFD5AD25E1A60C006D6CF6 /* MovieCell.swift */; };
		8121903C0FE056101BFA034B /* Pods_flixster_flixsterUITests.framework in Frameworks */ = {isa = PBXBuildFile; fileRef = 815A48C46CB282D63646EB68 /* Pods_flixster_flixsterUITests.framework */; };
		9A75146BEA0E7FAD0AB73D4B /* Pods_flixster.framework in Frameworks */ = {isa = PBXBuildFile; fileRef = 50B6D672975DB600442E5AB7 /* Pods_flixster.framework */; };
		D31563409B393D9DC7983774 /* Pods_flixsterTests.framework in Frameworks */ = {isa = PBXBuildFile; fileRef = F6FF446DA19FD523DBE2E0DD /* Pods_flixsterTests.framework */; };
/* End PBXBuildFile section */

/* Begin PBXContainerItemProxy section */
		27309CD225E15D5200CD1DEC /* PBXContainerItemProxy */ = {
			isa = PBXContainerItemProxy;
			containerPortal = 27309CB325E15D3300CD1DEC /* Project object */;
			proxyType = 1;
			remoteGlobalIDString = 27309CBA25E15D3300CD1DEC;
			remoteInfo = flixster;
		};
		27309CDD25E15D5200CD1DEC /* PBXContainerItemProxy */ = {
			isa = PBXContainerItemProxy;
			containerPortal = 27309CB325E15D3300CD1DEC /* Project object */;
			proxyType = 1;
			remoteGlobalIDString = 27309CBA25E15D3300CD1DEC;
			remoteInfo = flixster;
		};
/* End PBXContainerItemProxy section */

/* Begin PBXFileReference section */
		023D86F56FFA52CD7ECEC916 /* Pods-flixsterTests.release.xcconfig */ = {isa = PBXFileReference; includeInIndex = 1; lastKnownFileType = text.xcconfig; name = "Pods-flixsterTests.release.xcconfig"; path = "Target Support Files/Pods-flixsterTests/Pods-flixsterTests.release.xcconfig"; sourceTree = "<group>"; };
		09C14729B0ADE8F2925368A3 /* Pods-flixster-flixsterUITests.debug.xcconfig */ = {isa = PBXFileReference; includeInIndex = 1; lastKnownFileType = text.xcconfig; name = "Pods-flixster-flixsterUITests.debug.xcconfig"; path = "Target Support Files/Pods-flixster-flixsterUITests/Pods-flixster-flixsterUITests.debug.xcconfig"; sourceTree = "<group>"; };
		27309CBB25E15D3400CD1DEC /* flixster.app */ = {isa = PBXFileReference; explicitFileType = wrapper.application; includeInIndex = 0; path = flixster.app; sourceTree = BUILT_PRODUCTS_DIR; };
		27309CBE25E15D3400CD1DEC /* AppDelegate.swift */ = {isa = PBXFileReference; lastKnownFileType = sourcecode.swift; path = AppDelegate.swift; sourceTree = "<group>"; };
		27309CC025E15D3400CD1DEC /* SceneDelegate.swift */ = {isa = PBXFileReference; lastKnownFileType = sourcecode.swift; path = SceneDelegate.swift; sourceTree = "<group>"; };
		27309CC525E15D3400CD1DEC /* Base */ = {isa = PBXFileReference; lastKnownFileType = file.storyboard; name = Base; path = Base.lproj/Main.storyboard; sourceTree = "<group>"; };
		27309CC725E15D5100CD1DEC /* Assets.xcassets */ = {isa = PBXFileReference; lastKnownFileType = folder.assetcatalog; path = Assets.xcassets; sourceTree = "<group>"; };
		27309CCA25E15D5100CD1DEC /* Base */ = {isa = PBXFileReference; lastKnownFileType = file.storyboard; name = Base; path = Base.lproj/LaunchScreen.storyboard; sourceTree = "<group>"; };
		27309CCC25E15D5100CD1DEC /* Info.plist */ = {isa = PBXFileReference; lastKnownFileType = text.plist.xml; path = Info.plist; sourceTree = "<group>"; };
		27309CD125E15D5200CD1DEC /* flixsterTests.xctest */ = {isa = PBXFileReference; explicitFileType = wrapper.cfbundle; includeInIndex = 0; path = flixsterTests.xctest; sourceTree = BUILT_PRODUCTS_DIR; };
		27309CD525E15D5200CD1DEC /* flixsterTests.swift */ = {isa = PBXFileReference; lastKnownFileType = sourcecode.swift; path = flixsterTests.swift; sourceTree = "<group>"; };
		27309CD725E15D5200CD1DEC /* Info.plist */ = {isa = PBXFileReference; lastKnownFileType = text.plist.xml; path = Info.plist; sourceTree = "<group>"; };
		27309CDC25E15D5200CD1DEC /* flixsterUITests.xctest */ = {isa = PBXFileReference; explicitFileType = wrapper.cfbundle; includeInIndex = 0; path = flixsterUITests.xctest; sourceTree = BUILT_PRODUCTS_DIR; };
		27309CE025E15D5200CD1DEC /* flixsterUITests.swift */ = {isa = PBXFileReference; lastKnownFileType = sourcecode.swift; path = flixsterUITests.swift; sourceTree = "<group>"; };
		27309CE225E15D5200CD1DEC /* Info.plist */ = {isa = PBXFileReference; lastKnownFileType = text.plist.xml; path = Info.plist; sourceTree = "<group>"; };
		27309CF425E15EBD00CD1DEC /* MovieViewController.swift */ = {isa = PBXFileReference; lastKnownFileType = sourcecode.swift; path = MovieViewController.swift; sourceTree = "<group>"; };
		27CFD5AD25E1A60C006D6CF6 /* MovieCell.swift */ = {isa = PBXFileReference; lastKnownFileType = sourcecode.swift; path = MovieCell.swift; sourceTree = "<group>"; };
		50B6D672975DB600442E5AB7 /* Pods_flixster.framework */ = {isa = PBXFileReference; explicitFileType = wrapper.framework; includeInIndex = 0; path = Pods_flixster.framework; sourceTree = BUILT_PRODUCTS_DIR; };
		53E83AE3018A7302238B7403 /* Pods-flixsterTests.debug.xcconfig */ = {isa = PBXFileReference; includeInIndex = 1; lastKnownFileType = text.xcconfig; name = "Pods-flixsterTests.debug.xcconfig"; path = "Target Support Files/Pods-flixsterTests/Pods-flixsterTests.debug.xcconfig"; sourceTree = "<group>"; };
		80C83F106AC6E55869D15BEC /* Pods-flixster.debug.xcconfig */ = {isa = PBXFileReference; includeInIndex = 1; lastKnownFileType = text.xcconfig; name = "Pods-flixster.debug.xcconfig"; path = "Target Support Files/Pods-flixster/Pods-flixster.debug.xcconfig"; sourceTree = "<group>"; };
		815A48C46CB282D63646EB68 /* Pods_flixster_flixsterUITests.framework */ = {isa = PBXFileReference; explicitFileType = wrapper.framework; includeInIndex = 0; path = Pods_flixster_flixsterUITests.framework; sourceTree = BUILT_PRODUCTS_DIR; };
		AE60D4805546F52DE25F1EF1 /* Pods-flixster.release.xcconfig */ = {isa = PBXFileReference; includeInIndex = 1; lastKnownFileType = text.xcconfig; name = "Pods-flixster.release.xcconfig"; path = "Target Support Files/Pods-flixster/Pods-flixster.release.xcconfig"; sourceTree = "<group>"; };
		C0FFD8EE89502F15A7382298 /* Pods-flixster-flixsterUITests.release.xcconfig */ = {isa = PBXFileReference; includeInIndex = 1; lastKnownFileType = text.xcconfig; name = "Pods-flixster-flixsterUITests.release.xcconfig"; path = "Target Support Files/Pods-flixster-flixsterUITests/Pods-flixster-flixsterUITests.release.xcconfig"; sourceTree = "<group>"; };
		F6FF446DA19FD523DBE2E0DD /* Pods_flixsterTests.framework */ = {isa = PBXFileReference; explicitFileType = wrapper.framework; includeInIndex = 0; path = Pods_flixsterTests.framework; sourceTree = BUILT_PRODUCTS_DIR; };
/* End PBXFileReference section */

/* Begin PBXFrameworksBuildPhase section */
		27309CB825E15D3300CD1DEC /* Frameworks */ = {
			isa = PBXFrameworksBuildPhase;
			buildActionMask = 2147483647;
			files = (
				9A75146BEA0E7FAD0AB73D4B /* Pods_flixster.framework in Frameworks */,
			);
			runOnlyForDeploymentPostprocessing = 0;
		};
		27309CCE25E15D5200CD1DEC /* Frameworks */ = {
			isa = PBXFrameworksBuildPhase;
			buildActionMask = 2147483647;
			files = (
				D31563409B393D9DC7983774 /* Pods_flixsterTests.framework in Frameworks */,
			);
			runOnlyForDeploymentPostprocessing = 0;
		};
		27309CD925E15D5200CD1DEC /* Frameworks */ = {
			isa = PBXFrameworksBuildPhase;
			buildActionMask = 2147483647;
			files = (
				8121903C0FE056101BFA034B /* Pods_flixster_flixsterUITests.framework in Frameworks */,
			);
			runOnlyForDeploymentPostprocessing = 0;
		};
/* End PBXFrameworksBuildPhase section */

/* Begin PBXGroup section */
		23CE9178E68DD52AFBDD7CAB /* Frameworks */ = {
			isa = PBXGroup;
			children = (
				50B6D672975DB600442E5AB7 /* Pods_flixster.framework */,
				815A48C46CB282D63646EB68 /* Pods_flixster_flixsterUITests.framework */,
				F6FF446DA19FD523DBE2E0DD /* Pods_flixsterTests.framework */,
			);
			name = Frameworks;
			sourceTree = "<group>";
		};
		27309CB225E15D3300CD1DEC = {
			isa = PBXGroup;
			children = (
				27CFD5AD25E1A60C006D6CF6 /* MovieCell.swift */,
				27309CBD25E15D3400CD1DEC /* flixster */,
				27309CD425E15D5200CD1DEC /* flixsterTests */,
				27309CDF25E15D5200CD1DEC /* flixsterUITests */,
				27309CBC25E15D3400CD1DEC /* Products */,
				E4B7ECC995EF5B8C5AEB0BAC /* Pods */,
				23CE9178E68DD52AFBDD7CAB /* Frameworks */,
			);
			sourceTree = "<group>";
		};
		27309CBC25E15D3400CD1DEC /* Products */ = {
			isa = PBXGroup;
			children = (
				27309CBB25E15D3400CD1DEC /* flixster.app */,
				27309CD125E15D5200CD1DEC /* flixsterTests.xctest */,
				27309CDC25E15D5200CD1DEC /* flixsterUITests.xctest */,
			);
			name = Products;
			sourceTree = "<group>";
		};
		27309CBD25E15D3400CD1DEC /* flixster */ = {
			isa = PBXGroup;
			children = (
				27309CBE25E15D3400CD1DEC /* AppDelegate.swift */,
				27309CC025E15D3400CD1DEC /* SceneDelegate.swift */,
				27309CC425E15D3400CD1DEC /* Main.storyboard */,
				27309CC725E15D5100CD1DEC /* Assets.xcassets */,
				27309CC925E15D5100CD1DEC /* LaunchScreen.storyboard */,
				27309CCC25E15D5100CD1DEC /* Info.plist */,
				27309CF425E15EBD00CD1DEC /* MovieViewController.swift */,
			);
			path = flixster;
			sourceTree = "<group>";
		};
		27309CD425E15D5200CD1DEC /* flixsterTests */ = {
			isa = PBXGroup;
			children = (
				27309CD525E15D5200CD1DEC /* flixsterTests.swift */,
				27309CD725E15D5200CD1DEC /* Info.plist */,
			);
			path = flixsterTests;
			sourceTree = "<group>";
		};
		27309CDF25E15D5200CD1DEC /* flixsterUITests */ = {
			isa = PBXGroup;
			children = (
				27309CE025E15D5200CD1DEC /* flixsterUITests.swift */,
				27309CE225E15D5200CD1DEC /* Info.plist */,
			);
			path = flixsterUITests;
			sourceTree = "<group>";
		};
		E4B7ECC995EF5B8C5AEB0BAC /* Pods */ = {
			isa = PBXGroup;
			children = (
				80C83F106AC6E55869D15BEC /* Pods-flixster.debug.xcconfig */,
				AE60D4805546F52DE25F1EF1 /* Pods-flixster.release.xcconfig */,
				09C14729B0ADE8F2925368A3 /* Pods-flixster-flixsterUITests.debug.xcconfig */,
				C0FFD8EE89502F15A7382298 /* Pods-flixster-flixsterUITests.release.xcconfig */,
				53E83AE3018A7302238B7403 /* Pods-flixsterTests.debug.xcconfig */,
				023D86F56FFA52CD7ECEC916 /* Pods-flixsterTests.release.xcconfig */,
			);
			name = Pods;
			path = Pods;
			sourceTree = "<group>";
		};
/* End PBXGroup section */

/* Begin PBXNativeTarget section */
		27309CBA25E15D3300CD1DEC /* flixster */ = {
			isa = PBXNativeTarget;
			buildConfigurationList = 27309CE525E15D5200CD1DEC /* Build configuration list for PBXNativeTarget "flixster" */;
			buildPhases = (
				510421A771AD968676AEBC4D /* [CP] Check Pods Manifest.lock */,
				27309CB725E15D3300CD1DEC /* Sources */,
				27309CB825E15D3300CD1DEC /* Frameworks */,
				27309CB925E15D3300CD1DEC /* Resources */,
				02B91FBBF54970DD08BD825E /* [CP] Embed Pods Frameworks */,
			);
			buildRules = (
			);
			dependencies = (
			);
			name = flixster;
			productName = flixster;
			productReference = 27309CBB25E15D3400CD1DEC /* flixster.app */;
			productType = "com.apple.product-type.application";
		};
		27309CD025E15D5200CD1DEC /* flixsterTests */ = {
			isa = PBXNativeTarget;
			buildConfigurationList = 27309CE825E15D5200CD1DEC /* Build configuration list for PBXNativeTarget "flixsterTests" */;
			buildPhases = (
				BD827282327DA7387F632A71 /* [CP] Check Pods Manifest.lock */,
				27309CCD25E15D5200CD1DEC /* Sources */,
				27309CCE25E15D5200CD1DEC /* Frameworks */,
				27309CCF25E15D5200CD1DEC /* Resources */,
			);
			buildRules = (
			);
			dependencies = (
				27309CD325E15D5200CD1DEC /* PBXTargetDependency */,
			);
			name = flixsterTests;
			productName = flixsterTests;
			productReference = 27309CD125E15D5200CD1DEC /* flixsterTests.xctest */;
			productType = "com.apple.product-type.bundle.unit-test";
		};
		27309CDB25E15D5200CD1DEC /* flixsterUITests */ = {
			isa = PBXNativeTarget;
			buildConfigurationList = 27309CEB25E15D5200CD1DEC /* Build configuration list for PBXNativeTarget "flixsterUITests" */;
			buildPhases = (
				E8150934E23F3D972DDE1C8F /* [CP] Check Pods Manifest.lock */,
				27309CD825E15D5200CD1DEC /* Sources */,
				27309CD925E15D5200CD1DEC /* Frameworks */,
				27309CDA25E15D5200CD1DEC /* Resources */,
				8E2F276B0BC21468A2C720C9 /* [CP] Embed Pods Frameworks */,
			);
			buildRules = (
			);
			dependencies = (
				27309CDE25E15D5200CD1DEC /* PBXTargetDependency */,
			);
			name = flixsterUITests;
			productName = flixsterUITests;
			productReference = 27309CDC25E15D5200CD1DEC /* flixsterUITests.xctest */;
			productType = "com.apple.product-type.bundle.ui-testing";
		};
/* End PBXNativeTarget section */

/* Begin PBXProject section */
		27309CB325E15D3300CD1DEC /* Project object */ = {
			isa = PBXProject;
			attributes = {
				LastSwiftUpdateCheck = 1240;
				LastUpgradeCheck = 1240;
				TargetAttributes = {
					27309CBA25E15D3300CD1DEC = {
						CreatedOnToolsVersion = 12.4;
					};
					27309CD025E15D5200CD1DEC = {
						CreatedOnToolsVersion = 12.4;
						TestTargetID = 27309CBA25E15D3300CD1DEC;
					};
					27309CDB25E15D5200CD1DEC = {
						CreatedOnToolsVersion = 12.4;
						TestTargetID = 27309CBA25E15D3300CD1DEC;
					};
				};
			};
			buildConfigurationList = 27309CB625E15D3300CD1DEC /* Build configuration list for PBXProject "flixster" */;
			compatibilityVersion = "Xcode 9.3";
			developmentRegion = en;
			hasScannedForEncodings = 0;
			knownRegions = (
				en,
				Base,
			);
			mainGroup = 27309CB225E15D3300CD1DEC;
			productRefGroup = 27309CBC25E15D3400CD1DEC /* Products */;
			projectDirPath = "";
			projectRoot = "";
			targets = (
				27309CBA25E15D3300CD1DEC /* flixster */,
				27309CD025E15D5200CD1DEC /* flixsterTests */,
				27309CDB25E15D5200CD1DEC /* flixsterUITests */,
			);
		};
/* End PBXProject section */

/* Begin PBXResourcesBuildPhase section */
		27309CB925E15D3300CD1DEC /* Resources */ = {
			isa = PBXResourcesBuildPhase;
			buildActionMask = 2147483647;
			files = (
				27309CCB25E15D5100CD1DEC /* LaunchScreen.storyboard in Resources */,
				27309CC825E15D5100CD1DEC /* Assets.xcassets in Resources */,
				27309CC625E15D3400CD1DEC /* Main.storyboard in Resources */,
			);
			runOnlyForDeploymentPostprocessing = 0;
		};
		27309CCF25E15D5200CD1DEC /* Resources */ = {
			isa = PBXResourcesBuildPhase;
			buildActionMask = 2147483647;
			files = (
			);
			runOnlyForDeploymentPostprocessing = 0;
		};
		27309CDA25E15D5200CD1DEC /* Resources */ = {
			isa = PBXResourcesBuildPhase;
			buildActionMask = 2147483647;
			files = (
			);
			runOnlyForDeploymentPostprocessing = 0;
		};
/* End PBXResourcesBuildPhase section */

/* Begin PBXShellScriptBuildPhase section */
		02B91FBBF54970DD08BD825E /* [CP] Embed Pods Frameworks */ = {
			isa = PBXShellScriptBuildPhase;
			buildActionMask = 2147483647;
			files = (
			);
			inputFileListPaths = (
				"${PODS_ROOT}/Target Support Files/Pods-flixster/Pods-flixster-frameworks-${CONFIGURATION}-input-files.xcfilelist",
			);
			name = "[CP] Embed Pods Frameworks";
			outputFileListPaths = (
				"${PODS_ROOT}/Target Support Files/Pods-flixster/Pods-flixster-frameworks-${CONFIGURATION}-output-files.xcfilelist",
			);
			runOnlyForDeploymentPostprocessing = 0;
			shellPath = /bin/sh;
			shellScript = "\"${PODS_ROOT}/Target Support Files/Pods-flixster/Pods-flixster-frameworks.sh\"\n";
			showEnvVarsInLog = 0;
		};
		510421A771AD968676AEBC4D /* [CP] Check Pods Manifest.lock */ = {
			isa = PBXShellScriptBuildPhase;
			buildActionMask = 2147483647;
			files = (
			);
			inputFileListPaths = (
			);
			inputPaths = (
				"${PODS_PODFILE_DIR_PATH}/Podfile.lock",
				"${PODS_ROOT}/Manifest.lock",
			);
			name = "[CP] Check Pods Manifest.lock";
			outputFileListPaths = (
			);
			outputPaths = (
				"$(DERIVED_FILE_DIR)/Pods-flixster-checkManifestLockResult.txt",
			);
			runOnlyForDeploymentPostprocessing = 0;
			shellPath = /bin/sh;
			shellScript = "diff \"${PODS_PODFILE_DIR_PATH}/Podfile.lock\" \"${PODS_ROOT}/Manifest.lock\" > /dev/null\nif [ $? != 0 ] ; then\n    # print error to STDERR\n    echo \"error: The sandbox is not in sync with the Podfile.lock. Run 'pod install' or update your CocoaPods installation.\" >&2\n    exit 1\nfi\n# This output is used by Xcode 'outputs' to avoid re-running this script phase.\necho \"SUCCESS\" > \"${SCRIPT_OUTPUT_FILE_0}\"\n";
			showEnvVarsInLog = 0;
		};
		8E2F276B0BC21468A2C720C9 /* [CP] Embed Pods Frameworks */ = {
			isa = PBXShellScriptBuildPhase;
			buildActionMask = 2147483647;
			files = (
			);
			inputFileListPaths = (
				"${PODS_ROOT}/Target Support Files/Pods-flixster-flixsterUITests/Pods-flixster-flixsterUITests-frameworks-${CONFIGURATION}-input-files.xcfilelist",
			);
			name = "[CP] Embed Pods Frameworks";
			outputFileListPaths = (
				"${PODS_ROOT}/Target Support Files/Pods-flixster-flixsterUITests/Pods-flixster-flixsterUITests-frameworks-${CONFIGURATION}-output-files.xcfilelist",
			);
			runOnlyForDeploymentPostprocessing = 0;
			shellPath = /bin/sh;
			shellScript = "\"${PODS_ROOT}/Target Support Files/Pods-flixster-flixsterUITests/Pods-flixster-flixsterUITests-frameworks.sh\"\n";
			showEnvVarsInLog = 0;
		};
		BD827282327DA7387F632A71 /* [CP] Check Pods Manifest.lock */ = {
			isa = PBXShellScriptBuildPhase;
			buildActionMask = 2147483647;
			files = (
			);
			inputFileListPaths = (
			);
			inputPaths = (
				"${PODS_PODFILE_DIR_PATH}/Podfile.lock",
				"${PODS_ROOT}/Manifest.lock",
			);
			name = "[CP] Check Pods Manifest.lock";
			outputFileListPaths = (
			);
			outputPaths = (
				"$(DERIVED_FILE_DIR)/Pods-flixsterTests-checkManifestLockResult.txt",
			);
			runOnlyForDeploymentPostprocessing = 0;
			shellPath = /bin/sh;
			shellScript = "diff \"${PODS_PODFILE_DIR_PATH}/Podfile.lock\" \"${PODS_ROOT}/Manifest.lock\" > /dev/null\nif [ $? != 0 ] ; then\n    # print error to STDERR\n    echo \"error: The sandbox is not in sync with the Podfile.lock. Run 'pod install' or update your CocoaPods installation.\" >&2\n    exit 1\nfi\n# This output is used by Xcode 'outputs' to avoid re-running this script phase.\necho \"SUCCESS\" > \"${SCRIPT_OUTPUT_FILE_0}\"\n";
			showEnvVarsInLog = 0;
		};
		E8150934E23F3D972DDE1C8F /* [CP] Check Pods Manifest.lock */ = {
			isa = PBXShellScriptBuildPhase;
			buildActionMask = 2147483647;
			files = (
			);
			inputFileListPaths = (
			);
			inputPaths = (
				"${PODS_PODFILE_DIR_PATH}/Podfile.lock",
				"${PODS_ROOT}/Manifest.lock",
			);
			name = "[CP] Check Pods Manifest.lock";
			outputFileListPaths = (
			);
			outputPaths = (
				"$(DERIVED_FILE_DIR)/Pods-flixster-flixsterUITests-checkManifestLockResult.txt",
			);
			runOnlyForDeploymentPostprocessing = 0;
			shellPath = /bin/sh;
			shellScript = "diff \"${PODS_PODFILE_DIR_PATH}/Podfile.lock\" \"${PODS_ROOT}/Manifest.lock\" > /dev/null\nif [ $? != 0 ] ; then\n    # print error to STDERR\n    echo \"error: The sandbox is not in sync with the Podfile.lock. Run 'pod install' or update your CocoaPods installation.\" >&2\n    exit 1\nfi\n# This output is used by Xcode 'outputs' to avoid re-running this script phase.\necho \"SUCCESS\" > \"${SCRIPT_OUTPUT_FILE_0}\"\n";
			showEnvVarsInLog = 0;
		};
/* End PBXShellScriptBuildPhase section */

/* Begin PBXSourcesBuildPhase section */
		27309CB725E15D3300CD1DEC /* Sources */ = {
			isa = PBXSourcesBuildPhase;
			buildActionMask = 2147483647;
			files = (
				27309CBF25E15D3400CD1DEC /* AppDelegate.swift in Sources */,
				27309CC125E15D3400CD1DEC /* SceneDelegate.swift in Sources */,
				27CFD5AE25E1A60C006D6CF6 /* MovieCell.swift in Sources */,
				27309CF525E15EBD00CD1DEC /* MovieViewController.swift in Sources */,
			);
			runOnlyForDeploymentPostprocessing = 0;
		};
		27309CCD25E15D5200CD1DEC /* Sources */ = {
			isa = PBXSourcesBuildPhase;
			buildActionMask = 2147483647;
			files = (
				27309CD625E15D5200CD1DEC /* flixsterTests.swift in Sources */,
			);
			runOnlyForDeploymentPostprocessing = 0;
		};
		27309CD825E15D5200CD1DEC /* Sources */ = {
			isa = PBXSourcesBuildPhase;
			buildActionMask = 2147483647;
			files = (
				27309CE125E15D5200CD1DEC /* flixsterUITests.swift in Sources */,
			);
			runOnlyForDeploymentPostprocessing = 0;
		};
/* End PBXSourcesBuildPhase section */

/* Begin PBXTargetDependency section */
		27309CD325E15D5200CD1DEC /* PBXTargetDependency */ = {
			isa = PBXTargetDependency;
			target = 27309CBA25E15D3300CD1DEC /* flixster */;
			targetProxy = 27309CD225E15D5200CD1DEC /* PBXContainerItemProxy */;
		};
		27309CDE25E15D5200CD1DEC /* PBXTargetDependency */ = {
			isa = PBXTargetDependency;
			target = 27309CBA25E15D3300CD1DEC /* flixster */;
			targetProxy = 27309CDD25E15D5200CD1DEC /* PBXContainerItemProxy */;
		};
/* End PBXTargetDependency section */

/* Begin PBXVariantGroup section */
		27309CC425E15D3400CD1DEC /* Main.storyboard */ = {
			isa = PBXVariantGroup;
			children = (
				27309CC525E15D3400CD1DEC /* Base */,
			);
			name = Main.storyboard;
			sourceTree = "<group>";
		};
		27309CC925E15D5100CD1DEC /* LaunchScreen.storyboard */ = {
			isa = PBXVariantGroup;
			children = (
				27309CCA25E15D5100CD1DEC /* Base */,
			);
			name = LaunchScreen.storyboard;
			sourceTree = "<group>";
		};
/* End PBXVariantGroup section */

/* Begin XCBuildConfiguration section */
		27309CE325E15D5200CD1DEC /* Debug */ = {
			isa = XCBuildConfiguration;
			buildSettings = {
				ALWAYS_SEARCH_USER_PATHS = NO;
				CLANG_ANALYZER_NONNULL = YES;
				CLANG_ANALYZER_NUMBER_OBJECT_CONVERSION = YES_AGGRESSIVE;
				CLANG_CXX_LANGUAGE_STANDARD = "gnu++14";
				CLANG_CXX_LIBRARY = "libc++";
				CLANG_ENABLE_MODULES = YES;
				CLANG_ENABLE_OBJC_ARC = YES;
				CLANG_ENABLE_OBJC_WEAK = YES;
				CLANG_WARN_BLOCK_CAPTURE_AUTORELEASING = YES;
				CLANG_WARN_BOOL_CONVERSION = YES;
				CLANG_WARN_COMMA = YES;
				CLANG_WARN_CONSTANT_CONVERSION = YES;
				CLANG_WARN_DEPRECATED_OBJC_IMPLEMENTATIONS = YES;
				CLANG_WARN_DIRECT_OBJC_ISA_USAGE = YES_ERROR;
				CLANG_WARN_DOCUMENTATION_COMMENTS = YES;
				CLANG_WARN_EMPTY_BODY = YES;
				CLANG_WARN_ENUM_CONVERSION = YES;
				CLANG_WARN_INFINITE_RECURSION = YES;
				CLANG_WARN_INT_CONVERSION = YES;
				CLANG_WARN_NON_LITERAL_NULL_CONVERSION = YES;
				CLANG_WARN_OBJC_IMPLICIT_RETAIN_SELF = YES;
				CLANG_WARN_OBJC_LITERAL_CONVERSION = YES;
				CLANG_WARN_OBJC_ROOT_CLASS = YES_ERROR;
				CLANG_WARN_QUOTED_INCLUDE_IN_FRAMEWORK_HEADER = YES;
				CLANG_WARN_RANGE_LOOP_ANALYSIS = YES;
				CLANG_WARN_STRICT_PROTOTYPES = YES;
				CLANG_WARN_SUSPICIOUS_MOVE = YES;
				CLANG_WARN_UNGUARDED_AVAILABILITY = YES_AGGRESSIVE;
				CLANG_WARN_UNREACHABLE_CODE = YES;
				CLANG_WARN__DUPLICATE_METHOD_MATCH = YES;
				COPY_PHASE_STRIP = NO;
				DEBUG_INFORMATION_FORMAT = dwarf;
				ENABLE_STRICT_OBJC_MSGSEND = YES;
				ENABLE_TESTABILITY = YES;
				GCC_C_LANGUAGE_STANDARD = gnu11;
				GCC_DYNAMIC_NO_PIC = NO;
				GCC_NO_COMMON_BLOCKS = YES;
				GCC_OPTIMIZATION_LEVEL = 0;
				GCC_PREPROCESSOR_DEFINITIONS = (
					"DEBUG=1",
					"$(inherited)",
				);
				GCC_WARN_64_TO_32_BIT_CONVERSION = YES;
				GCC_WARN_ABOUT_RETURN_TYPE = YES_ERROR;
				GCC_WARN_UNDECLARED_SELECTOR = YES;
				GCC_WARN_UNINITIALIZED_AUTOS = YES_AGGRESSIVE;
				GCC_WARN_UNUSED_FUNCTION = YES;
				GCC_WARN_UNUSED_VARIABLE = YES;
				IPHONEOS_DEPLOYMENT_TARGET = 14.4;
				MTL_ENABLE_DEBUG_INFO = INCLUDE_SOURCE;
				MTL_FAST_MATH = YES;
				ONLY_ACTIVE_ARCH = YES;
				SDKROOT = iphoneos;
				SWIFT_ACTIVE_COMPILATION_CONDITIONS = DEBUG;
				SWIFT_OPTIMIZATION_LEVEL = "-Onone";
			};
			name = Debug;
		};
		27309CE425E15D5200CD1DEC /* Release */ = {
			isa = XCBuildConfiguration;
			buildSettings = {
				ALWAYS_SEARCH_USER_PATHS = NO;
				CLANG_ANALYZER_NONNULL = YES;
				CLANG_ANALYZER_NUMBER_OBJECT_CONVERSION = YES_AGGRESSIVE;
				CLANG_CXX_LANGUAGE_STANDARD = "gnu++14";
				CLANG_CXX_LIBRARY = "libc++";
				CLANG_ENABLE_MODULES = YES;
				CLANG_ENABLE_OBJC_ARC = YES;
				CLANG_ENABLE_OBJC_WEAK = YES;
				CLANG_WARN_BLOCK_CAPTURE_AUTORELEASING = YES;
				CLANG_WARN_BOOL_CONVERSION = YES;
				CLANG_WARN_COMMA = YES;
				CLANG_WARN_CONSTANT_CONVERSION = YES;
				CLANG_WARN_DEPRECATED_OBJC_IMPLEMENTATIONS = YES;
				CLANG_WARN_DIRECT_OBJC_ISA_USAGE = YES_ERROR;
				CLANG_WARN_DOCUMENTATION_COMMENTS = YES;
				CLANG_WARN_EMPTY_BODY = YES;
				CLANG_WARN_ENUM_CONVERSION = YES;
				CLANG_WARN_INFINITE_RECURSION = YES;
				CLANG_WARN_INT_CONVERSION = YES;
				CLANG_WARN_NON_LITERAL_NULL_CONVERSION = YES;
				CLANG_WARN_OBJC_IMPLICIT_RETAIN_SELF = YES;
				CLANG_WARN_OBJC_LITERAL_CONVERSION = YES;
				CLANG_WARN_OBJC_ROOT_CLASS = YES_ERROR;
				CLANG_WARN_QUOTED_INCLUDE_IN_FRAMEWORK_HEADER = YES;
				CLANG_WARN_RANGE_LOOP_ANALYSIS = YES;
				CLANG_WARN_STRICT_PROTOTYPES = YES;
				CLANG_WARN_SUSPICIOUS_MOVE = YES;
				CLANG_WARN_UNGUARDED_AVAILABILITY = YES_AGGRESSIVE;
				CLANG_WARN_UNREACHABLE_CODE = YES;
				CLANG_WARN__DUPLICATE_METHOD_MATCH = YES;
				COPY_PHASE_STRIP = NO;
				DEBUG_INFORMATION_FORMAT = "dwarf-with-dsym";
				ENABLE_NS_ASSERTIONS = NO;
				ENABLE_STRICT_OBJC_MSGSEND = YES;
				GCC_C_LANGUAGE_STANDARD = gnu11;
				GCC_NO_COMMON_BLOCKS = YES;
				GCC_WARN_64_TO_32_BIT_CONVERSION = YES;
				GCC_WARN_ABOUT_RETURN_TYPE = YES_ERROR;
				GCC_WARN_UNDECLARED_SELECTOR = YES;
				GCC_WARN_UNINITIALIZED_AUTOS = YES_AGGRESSIVE;
				GCC_WARN_UNUSED_FUNCTION = YES;
				GCC_WARN_UNUSED_VARIABLE = YES;
				IPHONEOS_DEPLOYMENT_TARGET = 14.4;
				MTL_ENABLE_DEBUG_INFO = NO;
				MTL_FAST_MATH = YES;
				SDKROOT = iphoneos;
				SWIFT_COMPILATION_MODE = wholemodule;
				SWIFT_OPTIMIZATION_LEVEL = "-O";
				VALIDATE_PRODUCT = YES;
			};
			name = Release;
		};
		27309CE625E15D5200CD1DEC /* Debug */ = {
			isa = XCBuildConfiguration;
			baseConfigurationReference = 80C83F106AC6E55869D15BEC /* Pods-flixster.debug.xcconfig */;
			buildSettings = {
				ASSETCATALOG_COMPILER_APPICON_NAME = AppIcon;
				ASSETCATALOG_COMPILER_GLOBAL_ACCENT_COLOR_NAME = AccentColor;
				CODE_SIGN_STYLE = Automatic;
				INFOPLIST_FILE = flixster/Info.plist;
				LD_RUNPATH_SEARCH_PATHS = (
					"$(inherited)",
					"@executable_path/Frameworks",
				);
				PRODUCT_BUNDLE_IDENTIFIER = CodePath.flixster;
				PRODUCT_NAME = "$(TARGET_NAME)";
				SWIFT_VERSION = 5.0;
				TARGETED_DEVICE_FAMILY = "1,2";
			};
			name = Debug;
		};
		27309CE725E15D5200CD1DEC /* Release */ = {
			isa = XCBuildConfiguration;
			baseConfigurationReference = AE60D4805546F52DE25F1EF1 /* Pods-flixster.release.xcconfig */;
			buildSettings = {
				ASSETCATALOG_COMPILER_APPICON_NAME = AppIcon;
				ASSETCATALOG_COMPILER_GLOBAL_ACCENT_COLOR_NAME = AccentColor;
				CODE_SIGN_STYLE = Automatic;
				INFOPLIST_FILE = flixster/Info.plist;
				LD_RUNPATH_SEARCH_PATHS = (
					"$(inherited)",
					"@executable_path/Frameworks",
				);
				PRODUCT_BUNDLE_IDENTIFIER = CodePath.flixster;
				PRODUCT_NAME = "$(TARGET_NAME)";
				SWIFT_VERSION = 5.0;
				TARGETED_DEVICE_FAMILY = "1,2";
			};
			name = Release;
		};
		27309CE925E15D5200CD1DEC /* Debug */ = {
			isa = XCBuildConfiguration;
			baseConfigurationReference = 53E83AE3018A7302238B7403 /* Pods-flixsterTests.debug.xcconfig */;
			buildSettings = {
				ALWAYS_EMBED_SWIFT_STANDARD_LIBRARIES = YES;
				BUNDLE_LOADER = "$(TEST_HOST)";
				CODE_SIGN_STYLE = Automatic;
				INFOPLIST_FILE = flixsterTests/Info.plist;
				IPHONEOS_DEPLOYMENT_TARGET = 14.4;
				LD_RUNPATH_SEARCH_PATHS = (
					"$(inherited)",
					"@executable_path/Frameworks",
					"@loader_path/Frameworks",
				);
				PRODUCT_BUNDLE_IDENTIFIER = CodePath.flixsterTests;
				PRODUCT_NAME = "$(TARGET_NAME)";
				SWIFT_VERSION = 5.0;
				TARGETED_DEVICE_FAMILY = "1,2";
				TEST_HOST = "$(BUILT_PRODUCTS_DIR)/flixster.app/flixster";
			};
			name = Debug;
		};
		27309CEA25E15D5200CD1DEC /* Release */ = {
			isa = XCBuildConfiguration;
			baseConfigurationReference = 023D86F56FFA52CD7ECEC916 /* Pods-flixsterTests.release.xcconfig */;
			buildSettings = {
				ALWAYS_EMBED_SWIFT_STANDARD_LIBRARIES = YES;
				BUNDLE_LOADER = "$(TEST_HOST)";
				CODE_SIGN_STYLE = Automatic;
				INFOPLIST_FILE = flixsterTests/Info.plist;
				IPHONEOS_DEPLOYMENT_TARGET = 14.4;
				LD_RUNPATH_SEARCH_PATHS = (
					"$(inherited)",
					"@executable_path/Frameworks",
					"@loader_path/Frameworks",
				);
				PRODUCT_BUNDLE_IDENTIFIER = CodePath.flixsterTests;
				PRODUCT_NAME = "$(TARGET_NAME)";
				SWIFT_VERSION = 5.0;
				TARGETED_DEVICE_FAMILY = "1,2";
				TEST_HOST = "$(BUILT_PRODUCTS_DIR)/flixster.app/flixster";
			};
			name = Release;
		};
		27309CEC25E15D5200CD1DEC /* Debug */ = {
			isa = XCBuildConfiguration;
			baseConfigurationReference = 09C14729B0ADE8F2925368A3 /* Pods-flixster-flixsterUITests.debug.xcconfig */;
			buildSettings = {
				ALWAYS_EMBED_SWIFT_STANDARD_LIBRARIES = YES;
				CODE_SIGN_STYLE = Automatic;
				INFOPLIST_FILE = flixsterUITests/Info.plist;
				LD_RUNPATH_SEARCH_PATHS = (
					"$(inherited)",
					"@executable_path/Frameworks",
					"@loader_path/Frameworks",
				);
				PRODUCT_BUNDLE_IDENTIFIER = CodePath.flixsterUITests;
				PRODUCT_NAME = "$(TARGET_NAME)";
				SWIFT_VERSION = 5.0;
				TARGETED_DEVICE_FAMILY = "1,2";
				TEST_TARGET_NAME = flixster;
			};
			name = Debug;
		};
		27309CED25E15D5200CD1DEC /* Release */ = {
			isa = XCBuildConfiguration;
			baseConfigurationReference = C0FFD8EE89502F15A7382298 /* Pods-flixster-flixsterUITests.release.xcconfig */;
			buildSettings = {
				ALWAYS_EMBED_SWIFT_STANDARD_LIBRARIES = YES;
				CODE_SIGN_STYLE = Automatic;
				INFOPLIST_FILE = flixsterUITests/Info.plist;
				LD_RUNPATH_SEARCH_PATHS = (
					"$(inherited)",
					"@executable_path/Frameworks",
					"@loader_path/Frameworks",
				);
				PRODUCT_BUNDLE_IDENTIFIER = CodePath.flixsterUITests;
				PRODUCT_NAME = "$(TARGET_NAME)";
				SWIFT_VERSION = 5.0;
				TARGETED_DEVICE_FAMILY = "1,2";
				TEST_TARGET_NAME = flixster;
			};
			name = Release;
		};
/* End XCBuildConfiguration section */

/* Begin XCConfigurationList section */
		27309CB625E15D3300CD1DEC /* Build configuration list for PBXProject "flixster" */ = {
			isa = XCConfigurationList;
			buildConfigurations = (
				27309CE325E15D5200CD1DEC /* Debug */,
				27309CE425E15D5200CD1DEC /* Release */,
			);
			defaultConfigurationIsVisible = 0;
			defaultConfigurationName = Release;
		};
		27309CE525E15D5200CD1DEC /* Build configuration list for PBXNativeTarget "flixster" */ = {
			isa = XCConfigurationList;
			buildConfigurations = (
				27309CE625E15D5200CD1DEC /* Debug */,
				27309CE725E15D5200CD1DEC /* Release */,
			);
			defaultConfigurationIsVisible = 0;
			defaultConfigurationName = Release;
		};
		27309CE825E15D5200CD1DEC /* Build configuration list for PBXNativeTarget "flixsterTests" */ = {
			isa = XCConfigurationList;
			buildConfigurations = (
				27309CE925E15D5200CD1DEC /* Debug */,
				27309CEA25E15D5200CD1DEC /* Release */,
			);
			defaultConfigurationIsVisible = 0;
			defaultConfigurationName = Release;
		};
		27309CEB25E15D5200CD1DEC /* Build configuration list for PBXNativeTarget "flixsterUITests" */ = {
			isa = XCConfigurationList;
			buildConfigurations = (
				27309CEC25E15D5200CD1DEC /* Debug */,
				27309CED25E15D5200CD1DEC /* Release */,
			);
			defaultConfigurationIsVisible = 0;
			defaultConfigurationName = Release;
		};
/* End XCConfigurationList section */
	};
	rootObject = 27309CB325E15D3300CD1DEC /* Project object */;
}
